<Solution>
  <Folder Name="/part-01-foundations/">
    <File Path="part-01-foundations/README.md" />
  </Folder>
  <Folder Name="/part-01-foundations/01-why-agents/">
    <File Path="part-01-foundations/01-why-agents/README.md" />
  </Folder>
  <Folder Name="/part-01-foundations/02-ai-agents/">
    <File Path="part-01-foundations/02-ai-agents/README.md" />
  </Folder>
  <Folder Name="/part-01-foundations/03-components/">
    <File Path="part-01-foundations/03-components/README.md" />
  </Folder>
  <Folder Name="/part-02-explore/">
    <File Path="part-02-explore/README.md" />
  </Folder>
  <Folder Name="/part-02-explore/04-frameworks/">
    <File Path="part-02-explore/04-frameworks/README.md" />
  </Folder>
  <Folder Name="/part-02-explore/05-ecosystem/">
    <File Path="part-02-explore/05-ecosystem/README.md" />
  </Folder>
  <Folder Name="/part-02-explore/06-setup/">
    <File Path="part-02-explore/06-setup/README.md" />
    <Project Path="part-02-explore/06-setup/HelloAgent/HelloAgent.csproj" Id="a833f67d-20bc-4ad7-8f8b-dcb184bfa2ec" />
  </Folder>
  <Folder Name="/part-03-core/">
    <File Path="part-03-core/README.md" />
  </Folder>
  <Folder Name="/part-03-core/07-getting-started/">
    <File Path="part-03-core/07-getting-started/README.md" />
    <Project Path="part-03-core/07-getting-started/BasicAgentApp/BasicAgentApp.csproj" />
    <Project Path="part-03-core/07-getting-started/MultiTurn/MultiTurn.csproj" />
    <Project Path="part-03-core/07-getting-started/Streaming/Streaming.csproj" />
    <Project Path="part-03-core/07-getting-started/StructuredOutput/StructuredOutput.csproj" />
    <Project Path="part-03-core/07-getting-started/StructuredOutputStreaming/StructuredOutputStreaming.csproj" Id="9e80673d-f339-4a30-806f-21ce10f39a39" />
  </Folder>
  <Folder Name="/part-03-core/08-tool-use/">
    <Project Path="part-03-core/08-tool-use/ApproveRequiredFunc/ApproveRequiredFunc.csproj" Id="110c37ba-3443-4cf3-b334-8af7f6f74d5d" />
    <Project Path="part-03-core/08-tool-use/FunctionCall/FunctionCall.csproj" Id="68dd55bc-8c77-49f0-80b4-8625cb787cc2" />
  </Folder>
  <Folder Name="/part-04-multi-agent/">
    <File Path="part-04-multi-agent/README.md" />
  </Folder>
  <Folder Name="/Solution Items/">
    <File Path=".gitignore" />
    <File Path="README.md" />
  </Folder>
</Solution>
