<Solution>
  <Folder Name="/assets/">
    <File Path="assets/book-cover.png" />
  </Folder>
  <Folder Name="/part-01-foundations/">
    <File Path="part-01-foundations/README.md" />
  </Folder>
  <Folder Name="/part-01-foundations/01-why-agents/">
    <File Path="part-01-foundations/01-why-agents/README.md" />
  </Folder>
  <Folder Name="/part-01-foundations/02-ai-agents/">
    <File Path="part-01-foundations/02-ai-agents/README.md" />
  </Folder>
  <Folder Name="/part-01-foundations/03-components/">
    <File Path="part-01-foundations/03-components/README.md" />
  </Folder>
  <Folder Name="/part-02-explore/">
    <File Path="part-02-explore/README.md" />
  </Folder>
  <Folder Name="/part-02-explore/04-frameworks/">
    <File Path="part-02-explore/04-frameworks/README.md" />
  </Folder>
  <Folder Name="/part-02-explore/05-ecosystem/">
    <File Path="part-02-explore/05-ecosystem/README.md" />
  </Folder>
  <Folder Name="/part-02-explore/06-setup/">
    <File Path="part-02-explore/06-setup/README.md" />
    <Project Path="part-02-explore/06-setup/HelloAgent/HelloAgent.csproj" Id="a833f67d-20bc-4ad7-8f8b-dcb184bfa2ec" />
  </Folder>
  <Folder Name="/part-03-core/">
    <File Path="part-03-core/README.md" />
  </Folder>
  <Folder Name="/part-03-core/07-getting-started/">
    <File Path="part-03-core/07-getting-started/README.md" />
    <Project Path="part-03-core/07-getting-started/BasicAgentApp/BasicAgentApp.csproj" />
    <Project Path="part-03-core/07-getting-started/MultiTurn/MultiTurn.csproj" />
    <Project Path="part-03-core/07-getting-started/Streaming/Streaming.csproj" />
    <Project Path="part-03-core/07-getting-started/StructuredOutput/StructuredOutput.csproj" />
    <Project Path="part-03-core/07-getting-started/StructuredOutputStreaming/StructuredOutputStreaming.csproj" Id="9e80673d-f339-4a30-806f-21ce10f39a39" />
  </Folder>
  <Folder Name="/part-03-core/08-tool-use/">
    <Project Path="part-03-core/08-tool-use/ApproveRequiredFunc/ApproveRequiredFunc.csproj" Id="110c37ba-3443-4cf3-b334-8af7f6f74d5d" />
    <Project Path="part-03-core/08-tool-use/CodeInterpreter/CodeInterpreter.csproj" Id="09042835-1dad-41d3-be36-94e1f0d1b832" />
    <Project Path="part-03-core/08-tool-use/FileSearch/FileSearch.csproj" Id="746a289e-f805-4bc3-b9c3-59c82023bf19" />
    <Project Path="part-03-core/08-tool-use/FunctionCall/FunctionCall.csproj" Id="68dd55bc-8c77-49f0-80b4-8625cb787cc2" />
    <Project Path="part-03-core/08-tool-use/WebSearch/WebSearch.csproj" Id="b34d0047-3fa6-4ace-a510-fbf4dcc97eab" />
  </Folder>
  <Folder Name="/part-03-core/09-memory/">
    <Project Path="part-03-core/09-memory/BasicSessionExample/BasicSessionExample.csproj" Id="7d61b49d-2fbb-4ce9-9c6d-eceedf68384b" />
    <Project Path="part-03-core/09-memory/CustomContextProvider/CustomContextProvider.csproj" Id="6a568679-3524-443c-8d22-afe72ccf25ed" />
    <Project Path="part-03-core/09-memory/MockCosmosDb/MockCosmosDb.csproj" Id="54317eed-0092-4ceb-af4f-e3327d204fb1" />
    <Project Path="part-03-core/09-memory/TravelAgentWithMem0/TravelAgentWithMem0.csproj" Id="d4ba152f-1abb-405c-8f5c-f6469585031e" />
  </Folder>
  <Folder Name="/part-04-multi-agent/">
    <File Path="part-04-multi-agent/README.md" />
  </Folder>
  <Folder Name="/part-04-multi-agent/10-workflows/">
    <Project Path="part-04-multi-agent/10-workflows/AgenticWorkflowPatterns/AgenticWorkflowPatterns.csproj" Id="4dd56e23-2d8c-41a4-8ffb-10511e4a6919" />
    <Project Path="part-04-multi-agent/10-workflows/AgentsWorkflow/AgentsWorkflow.csproj" Id="63f90b74-cbb6-4708-b207-a0c32c9c5b23" />
    <Project Path="part-04-multi-agent/10-workflows/CheckpointHumanInTheLoop/CheckpointHumanInTheLoop.csproj" Id="35372d1e-8e3c-4bd4-a7e2-e1575974bfd5" />
    <Project Path="part-04-multi-agent/10-workflows/FirstWorkflow/FirstWorkflow.csproj" Id="2d1c76b2-75b1-46af-a378-1b7a803094dd" />
  </Folder>
  <Folder Name="/part-05-agentic-rag/">
    <File Path="part-05-agentic-rag/README.md" />
  </Folder>
  <Folder Name="/part-05-agentic-rag/11-agentic-rag/">
    <File Path="part-05-agentic-rag/11-agentic-rag/README.md" />
  </Folder>
  <Folder Name="/part-05-agentic-rag/12-develop-agentic-rag/">
    <File Path="part-05-agentic-rag/12-develop-agentic-rag/README.md" />
    <Project Path="part-05-agentic-rag/12-develop-agentic-rag/BasicTextRAGExample/BasicTextRAGExample.csproj" Id="59ad4862-7438-4f02-8a12-eb6fe62b512a" />
    <Project Path="part-05-agentic-rag/12-develop-agentic-rag/QdrantVectorStore/QdrantVectorStore.csproj" Id="0ff40545-e454-4255-8482-b80e7a25d284" />
  </Folder>
  <Folder Name="/part-06-communications/">
    <File Path="part-06-communications/README.md" />
  </Folder>
  <Folder Name="/part-06-communications/13-communications/">
    <File Path="part-06-communications/13-communications/README.md" />
  </Folder>
  <Folder Name="/part-06-communications/14-a2a/">
    <File Path="part-06-communications/14-a2a/README.md" />
    <Project Path="part-06-communications/14-a2a/EnterpriseComplianceService/EnterpriseComplianceService.csproj" Id="c38f85f8-dfc3-42fd-af5f-42e086a823a7" />
  </Folder>
  <Folder Name="/part-06-communications/15-mcp/">
    <File Path="part-06-communications/15-mcp/README.md" />
    <Project Path="part-06-communications/15-mcp/HostedMcpGovernanceExample/HostedMcpGovernanceExample.csproj" Id="50fd847b-7cd7-4827-bd70-b8239285470e" />
    <Project Path="part-06-communications/15-mcp/LocalGitHubMcpExample/LocalGitHubMcpExample.csproj" />
  </Folder>
  <Folder Name="/part-06-communications/16-ag-ui/">
    <File Path="part-06-communications/16-ag-ui/README.md" />
    <Project Path="part-06-communications/16-ag-ui/Client/Client.csproj" Id="0fced717-6736-441c-967a-a614c3d8594e" />
    <Project Path="part-06-communications/16-ag-ui/Server/Server.csproj" Id="638128da-63e5-42c0-9cfa-21a730620fc3" />
  </Folder>
  <Folder Name="/part-06-communications/17-devui/">
    <File Path="README.md" />
    <Project Path="part-06-communications/17-devui/EnterpriseKycService/EnterpriseKycService.csproj" Id="53fcdcc5-7052-446e-b8a3-73901d76443f" />
  </Folder>
  <Folder Name="/part-07-advanced/">
    <File Path="part-07-advanced/README.md" />
  </Folder>
  <Folder Name="/part-07-advanced/18-middleware/">
    <File Path="part-07-advanced/18-middleware/README.md" />
    <Project Path="part-07-advanced/18-middleware/FinanceAgentMiddleware/FinanceAgentMiddleware.csproj" Id="58e41d5a-cd2b-4893-a1d8-50a7460dcaa2" />
  </Folder>
  <Folder Name="/part-07-advanced/19-skills/">
    <File Path="part-07-advanced/19-skills/README.md" />
    <Project Path="part-07-advanced/19-skills/EnterpriseSkillsArchitecture/EnterpriseSkillsArchitecture.csproj" Id="45e14a00-c4a5-4e8d-b3e0-46d5d52a3b9f" />
  </Folder>
  <Folder Name="/part-07-advanced/20-reasoning/">
    <File Path="part-07-advanced/20-reasoning/README.md" />
    <Project Path="part-07-advanced/20-reasoning/AgentReasoning/AgentReasoning.csproj" Id="80e6b556-0858-432c-8934-ca3d2f44e5b4" />
  </Folder>
  <Folder Name="/part-08-enterprise/">
    <File Path="part-08-enterprise/README.md" />
  </Folder>
  <Folder Name="/part-08-enterprise/21-adlc/">
    <File Path="part-08-enterprise/21-adlc/README.md" />
  </Folder>
  <Folder Name="/part-08-enterprise/22-observability/">
    <File Path="part-08-enterprise/22-observability/README.md" />
    <Project Path="part-08-enterprise/22-observability/SupplyChain.ApiService/SupplyChain.ApiService.csproj" />
    <Project Path="part-08-enterprise/22-observability/SupplyChain.AppHost/SupplyChain.AppHost.csproj" Id="6f3acb17-7e78-4b19-add5-b79ef60587f3" />
    <Project Path="part-08-enterprise/22-observability/SupplyChain.ServiceDefaults/SupplyChain.ServiceDefaults.csproj" />
  </Folder>
  <Folder Name="/part-08-enterprise/23-evaluation/">
    <File Path="part-08-enterprise/23-evaluation/README.md" />
    <Project Path="part-08-enterprise/23-evaluation/AgentEvaluation/AgentEvaluation.csproj" Id="d3bcfce7-517f-4b27-8662-30689aaee6d2" />
  </Folder>
  <Folder Name="/part-08-enterprise/24-security/">
    <File Path="part-08-enterprise/24-security/README.md" />
    <Project Path="part-08-enterprise/24-security/SecurityArchitecture/SecurityArchitecture.csproj" Id="70c4a7b1-dc1e-4c3e-ad3b-bb6eae6b0a85" />
  </Folder>
  <Folder Name="/part-08-enterprise/25-deployment/">
    <File Path="part-08-enterprise/25-deployment/README.md" />
  </Folder>
  <Folder Name="/part-08-enterprise/26-cost/">
    <File Path="part-08-enterprise/26-cost/README.md" />
  </Folder>
  <Folder Name="/Solution Items/">
    <File Path=".gitignore" />
    <File Path="README.md" />
  </Folder>
</Solution>
